
Microsoft Visual Studio Solution File, Format Version 12.00
# Visual Studio Version 16
VisualStudioVersion = 16.0.30611.23
MinimumVisualStudioVersion = 10.0.40219.1
Project("{FAE04EC0-301F-11D3-BF4B-00C04F79EFBC}") = "Binary  Sudoku", "Binary  Sudoku\Binary  Sudoku.csproj", "{1E058D7D-9ADB-49A7-BDCD-A7D5B1B3D2D9}"
EndProject
Global
	GlobalSection(SolutionConfigurationPlatforms) = preSolution
		Debug|Any CPU = Debug|Any CPU
		Release|Any CPU = Release|Any CPU
	EndGlobalSection
	GlobalSection(ProjectConfigurationPlatforms) = postSolution
		{1E058D7D-9ADB-49A7-BDCD-A7D5B1B3D2D9}.Debug|Any CPU.ActiveCfg = Debug|Any CPU
		{1E058D7D-9ADB-49A7-BDCD-A7D5B1B3D2D9}.Debug|Any CPU.Build.0 = Debug|Any CPU
		{1E058D7D-9ADB-49A7-BDCD-A7D5B1B3D2D9}.Release|Any CPU.ActiveCfg = Release|Any CPU
		{1E058D7D-9ADB-49A7-BDCD-A7D5B1B3D2D9}.Release|Any CPU.Build.0 = Release|Any CPU
	EndGlobalSection
	GlobalSection(SolutionProperties) = preSolution
		HideSolutionNode = FALSE
	EndGlobalSection
	GlobalSection(ExtensibilityGlobals) = postSolution
		SolutionGuid = {2793F9F4-4636-45A3-8B49-EA434C662020}
	EndGlobalSection
EndGlobal
